
Microsoft Visual Studio Solution File, Format Version 12.00
# Visual Studio Version 17
VisualStudioVersion = 17.9.34728.123
MinimumVisualStudioVersion = 10.0.40219.1
Project("{9A19103F-16F7-4668-BE54-9A1E7A4F7556}") = "ChatBot.Web", "ChatBot.Server\ChatBot.Web\ChatBot.Web.csproj", "{A9FF644C-AFAF-4119-9AF1-A2B25C9376FA}"
EndProject
Project("{54A90642-561A-4BB1-A94E-469ADEE60C69}") = "chatbot.client", "chatbot.client\chatbot.client.esproj", "{2F5D5978-8CDB-48D9-9B0E-C54A53680399}"
EndProject
Project("{FAE04EC0-301F-11D3-BF4B-00C04F79EFBC}") = "ChatBot.Application", "ChatBot.Server\ChatBot.Application\ChatBot.Application.csproj", "{36A170E4-12FD-4075-B4FA-5992B55AC175}"
EndProject
Project("{FAE04EC0-301F-11D3-BF4B-00C04F79EFBC}") = "ChatBot.Domain", "ChatBot.Server\ChatBot.Domain\ChatBot.Domain.csproj", "{35A0995B-F408-4F27-8FB7-2EF538B52DFD}"
EndProject
Project("{FAE04EC0-301F-11D3-BF4B-00C04F79EFBC}") = "ChatBot.CrossCutting", "ChatBot.Server\ChatBot.CrossCutting\ChatBot.CrossCutting.csproj", "{4FCF7F43-87DA-41DF-83C9-EA88DF362EE3}"
EndProject
Project("{FAE04EC0-301F-11D3-BF4B-00C04F79EFBC}") = "ChatBot.Container", "ChatBot.Server\ChatBot.Container\ChatBot.Container.csproj", "{532F4208-DED1-448B-889E-E5B8E94F6174}"
EndProject
Global
	GlobalSection(SolutionConfigurationPlatforms) = preSolution
		Debug|Any CPU = Debug|Any CPU
		Release|Any CPU = Release|Any CPU
	EndGlobalSection
	GlobalSection(ProjectConfigurationPlatforms) = postSolution
		{A9FF644C-AFAF-4119-9AF1-A2B25C9376FA}.Debug|Any CPU.ActiveCfg = Debug|Any CPU
		{A9FF644C-AFAF-4119-9AF1-A2B25C9376FA}.Debug|Any CPU.Build.0 = Debug|Any CPU
		{A9FF644C-AFAF-4119-9AF1-A2B25C9376FA}.Release|Any CPU.ActiveCfg = Release|Any CPU
		{A9FF644C-AFAF-4119-9AF1-A2B25C9376FA}.Release|Any CPU.Build.0 = Release|Any CPU
		{2F5D5978-8CDB-48D9-9B0E-C54A53680399}.Debug|Any CPU.ActiveCfg = Debug|Any CPU
		{2F5D5978-8CDB-48D9-9B0E-C54A53680399}.Debug|Any CPU.Build.0 = Debug|Any CPU
		{2F5D5978-8CDB-48D9-9B0E-C54A53680399}.Debug|Any CPU.Deploy.0 = Debug|Any CPU
		{2F5D5978-8CDB-48D9-9B0E-C54A53680399}.Release|Any CPU.ActiveCfg = Release|Any CPU
		{2F5D5978-8CDB-48D9-9B0E-C54A53680399}.Release|Any CPU.Build.0 = Release|Any CPU
		{2F5D5978-8CDB-48D9-9B0E-C54A53680399}.Release|Any CPU.Deploy.0 = Release|Any CPU
		{36A170E4-12FD-4075-B4FA-5992B55AC175}.Debug|Any CPU.ActiveCfg = Debug|Any CPU
		{36A170E4-12FD-4075-B4FA-5992B55AC175}.Debug|Any CPU.Build.0 = Debug|Any CPU
		{36A170E4-12FD-4075-B4FA-5992B55AC175}.Release|Any CPU.ActiveCfg = Release|Any CPU
		{36A170E4-12FD-4075-B4FA-5992B55AC175}.Release|Any CPU.Build.0 = Release|Any CPU
		{35A0995B-F408-4F27-8FB7-2EF538B52DFD}.Debug|Any CPU.ActiveCfg = Debug|Any CPU
		{35A0995B-F408-4F27-8FB7-2EF538B52DFD}.Debug|Any CPU.Build.0 = Debug|Any CPU
		{35A0995B-F408-4F27-8FB7-2EF538B52DFD}.Release|Any CPU.ActiveCfg = Release|Any CPU
		{35A0995B-F408-4F27-8FB7-2EF538B52DFD}.Release|Any CPU.Build.0 = Release|Any CPU
		{4FCF7F43-87DA-41DF-83C9-EA88DF362EE3}.Debug|Any CPU.ActiveCfg = Debug|Any CPU
		{4FCF7F43-87DA-41DF-83C9-EA88DF362EE3}.Debug|Any CPU.Build.0 = Debug|Any CPU
		{4FCF7F43-87DA-41DF-83C9-EA88DF362EE3}.Release|Any CPU.ActiveCfg = Release|Any CPU
		{4FCF7F43-87DA-41DF-83C9-EA88DF362EE3}.Release|Any CPU.Build.0 = Release|Any CPU
		{532F4208-DED1-448B-889E-E5B8E94F6174}.Debug|Any CPU.ActiveCfg = Debug|Any CPU
		{532F4208-DED1-448B-889E-E5B8E94F6174}.Debug|Any CPU.Build.0 = Debug|Any CPU
		{532F4208-DED1-448B-889E-E5B8E94F6174}.Release|Any CPU.ActiveCfg = Release|Any CPU
		{532F4208-DED1-448B-889E-E5B8E94F6174}.Release|Any CPU.Build.0 = Release|Any CPU
	EndGlobalSection
	GlobalSection(SolutionProperties) = preSolution
		HideSolutionNode = FALSE
	EndGlobalSection
	GlobalSection(ExtensibilityGlobals) = postSolution
		SolutionGuid = {B7CC2115-2DEA-453E-9F5C-2D34F1DC9E48}
	EndGlobalSection
EndGlobal
